// !$*UTF8*$!
{
	archiveVersion = 1;
	classes = {
	};
	objectVersion = 45;
	objects = {

/* Begin PBXBuildFile section */
		63B14388109209FB000AFE71 /* vfptest.cpp in Sources */ = {isa = PBXBuildFile; fileRef = 63B142861091F740000AFE71 /* vfptest.cpp */; settings = {COMPILER_FLAGS = "-march=armv6 -mfpu=neon -ftree-vectorize -mfloat-abi=softfp"; }; };
		63B1438A109209FB000AFE71 /* Foundation.framework in Frameworks */ = {isa = PBXBuildFile; fileRef = AACBBE490F95108600F1A2B1 /* Foundation.framework */; };
		AA747D9F0F9514B9006C5449 /* Arm6Test_Prefix.pch in Headers */ = {isa = PBXBuildFile; fileRef = AA747D9E0F9514B9006C5449 /* Arm6Test_Prefix.pch */; };
		AACBBE4A0F95108600F1A2B1 /* Foundation.framework in Frameworks */ = {isa = PBXBuildFile; fileRef = AACBBE490F95108600F1A2B1 /* Foundation.framework */; };
		E414B7E910D3C25D001E1212 /* neontest.cpp in Sources */ = {isa = PBXBuildFile; fileRef = 63B14417109210D4000AFE71 /* neontest.cpp */; settings = {COMPILER_FLAGS = "-march=armv7 -mfpu=neon -ftree-vectorize -mfloat-abi=softfp"; }; };
		E414B80510D3C32B001E1212 /* mytest.h in Headers */ = {isa = PBXBuildFile; fileRef = E414B80310D3C32B001E1212 /* mytest.h */; };
		E414B80610D3C32B001E1212 /* mytest.cpp in Sources */ = {isa = PBXBuildFile; fileRef = E414B80410D3C32B001E1212 /* mytest.cpp */; };
		E414B93810D3C58C001E1212 /* vfptest.h in Headers */ = {isa = PBXBuildFile; fileRef = E414B62310D3AA91001E1212 /* vfptest.h */; };
		E414B93910D3C58F001E1212 /* neontest.h in Headers */ = {isa = PBXBuildFile; fileRef = E414B62210D3AA91001E1212 /* neontest.h */; };
/* End PBXBuildFile section */

/* Begin PBXFileReference section */
		63B142861091F740000AFE71 /* vfptest.cpp */ = {isa = PBXFileReference; fileEncoding = 4; lastKnownFileType = sourcecode.cpp.cpp; path = vfptest.cpp; sourceTree = "<group>"; };
		63B1438E109209FB000AFE71 /* libArm6Test.a */ = {isa = PBXFileReference; explicitFileType = archive.ar; includeInIndex = 0; path = libArm6Test.a; sourceTree = BUILT_PRODUCTS_DIR; };
		63B14417109210D4000AFE71 /* neontest.cpp */ = {isa = PBXFileReference; fileEncoding = 4; lastKnownFileType = sourcecode.cpp.cpp; path = neontest.cpp; sourceTree = "<group>"; };
		AA747D9E0F9514B9006C5449 /* Arm6Test_Prefix.pch */ = {isa = PBXFileReference; fileEncoding = 4; lastKnownFileType = sourcecode.c.h; path = Arm6Test_Prefix.pch; sourceTree = SOURCE_ROOT; };
		AACBBE490F95108600F1A2B1 /* Foundation.framework */ = {isa = PBXFileReference; lastKnownFileType = wrapper.framework; name = Foundation.framework; path = System/Library/Frameworks/Foundation.framework; sourceTree = SDKROOT; };
		D2AAC07E0554694100DB518D /* libArm7Test.a */ = {isa = PBXFileReference; explicitFileType = archive.ar; includeInIndex = 0; path = libArm7Test.a; sourceTree = BUILT_PRODUCTS_DIR; };
		E414B62210D3AA91001E1212 /* neontest.h */ = {isa = PBXFileReference; fileEncoding = 4; lastKnownFileType = sourcecode.c.h; path = neontest.h; sourceTree = "<group>"; };
		E414B62310D3AA91001E1212 /* vfptest.h */ = {isa = PBXFileReference; fileEncoding = 4; lastKnownFileType = sourcecode.c.h; path = vfptest.h; sourceTree = "<group>"; };
		E414B80310D3C32B001E1212 /* mytest.h */ = {isa = PBXFileReference; fileEncoding = 4; lastKnownFileType = sourcecode.c.h; path = mytest.h; sourceTree = "<group>"; };
		E414B80410D3C32B001E1212 /* mytest.cpp */ = {isa = PBXFileReference; fileEncoding = 4; lastKnownFileType = sourcecode.cpp.cpp; path = mytest.cpp; sourceTree = "<group>"; };
/* End PBXFileReference section */

/* Begin PBXFrameworksBuildPhase section */
		63B14389109209FB000AFE71 /* Frameworks */ = {
			isa = PBXFrameworksBuildPhase;
			buildActionMask = 2147483647;
			files = (
				63B1438A109209FB000AFE71 /* Foundation.framework in Frameworks */,
			);
			runOnlyForDeploymentPostprocessing = 0;
		};
		D2AAC07C0554694100DB518D /* Frameworks */ = {
			isa = PBXFrameworksBuildPhase;
			buildActionMask = 2147483647;
			files = (
				AACBBE4A0F95108600F1A2B1 /* Foundation.framework in Frameworks */,
			);
			runOnlyForDeploymentPostprocessing = 0;
		};
/* End PBXFrameworksBuildPhase section */

/* Begin PBXGroup section */
		034768DFFF38A50411DB9C8B /* Products */ = {
			isa = PBXGroup;
			children = (
				D2AAC07E0554694100DB518D /* libArm7Test.a */,
				63B1438E109209FB000AFE71 /* libArm6Test.a */,
			);
			name = Products;
			sourceTree = "<group>";
		};
		0867D691FE84028FC02AAC07 /* Arm6Test */ = {
			isa = PBXGroup;
			children = (
				08FB77AEFE84172EC02AAC07 /* Classes */,
				32C88DFF0371C24200C91783 /* Other Sources */,
				0867D69AFE84028FC02AAC07 /* Frameworks */,
				034768DFFF38A50411DB9C8B /* Products */,
			);
			name = Arm6Test;
			sourceTree = "<group>";
		};
		0867D69AFE84028FC02AAC07 /* Frameworks */ = {
			isa = PBXGroup;
			children = (
				AACBBE490F95108600F1A2B1 /* Foundation.framework */,
			);
			name = Frameworks;
			sourceTree = "<group>";
		};
		08FB77AEFE84172EC02AAC07 /* Classes */ = {
			isa = PBXGroup;
			children = (
				E414B62210D3AA91001E1212 /* neontest.h */,
				63B14417109210D4000AFE71 /* neontest.cpp */,
				E414B62310D3AA91001E1212 /* vfptest.h */,
				63B142861091F740000AFE71 /* vfptest.cpp */,
				E414B80310D3C32B001E1212 /* mytest.h */,
				E414B80410D3C32B001E1212 /* mytest.cpp */,
			);
			name = Classes;
			sourceTree = "<group>";
		};
		32C88DFF0371C24200C91783 /* Other Sources */ = {
			isa = PBXGroup;
			children = (
				AA747D9E0F9514B9006C5449 /* Arm6Test_Prefix.pch */,
			);
			name = "Other Sources";
			sourceTree = "<group>";
		};
/* End PBXGroup section */

/* Begin PBXHeadersBuildPhase section */
		63B14384109209FB000AFE71 /* Headers */ = {
			isa = PBXHeadersBuildPhase;
			buildActionMask = 2147483647;
			files = (
				E414B93810D3C58C001E1212 /* vfptest.h in Headers */,
				E414B93910D3C58F001E1212 /* neontest.h in Headers */,
				E414B80510D3C32B001E1212 /* mytest.h in Headers */,
			);
			runOnlyForDeploymentPostprocessing = 0;
		};
		D2AAC07A0554694100DB518D /* Headers */ = {
			isa = PBXHeadersBuildPhase;
			buildActionMask = 2147483647;
			files = (
				AA747D9F0F9514B9006C5449 /* Arm6Test_Prefix.pch in Headers */,
			);
			runOnlyForDeploymentPostprocessing = 0;
		};
/* End PBXHeadersBuildPhase section */

/* Begin PBXNativeTarget section */
		63B14383109209FB000AFE71 /* Arm6Test */ = {
			isa = PBXNativeTarget;
			buildConfigurationList = 63B1438B109209FB000AFE71 /* Build configuration list for PBXNativeTarget "Arm6Test" */;
			buildPhases = (
				63B14384109209FB000AFE71 /* Headers */,
				63B14387109209FB000AFE71 /* Sources */,
				63B14389109209FB000AFE71 /* Frameworks */,
			);
			buildRules = (
			);
			dependencies = (
			);
			name = Arm6Test;
			productName = Arm6Test;
			productReference = 63B1438E109209FB000AFE71 /* libArm6Test.a */;
			productType = "com.apple.product-type.library.static";
		};
		D2AAC07D0554694100DB518D /* Arm7Test */ = {
			isa = PBXNativeTarget;
			buildConfigurationList = 1DEB921E08733DC00010E9CD /* Build configuration list for PBXNativeTarget "Arm7Test" */;
			buildPhases = (
				D2AAC07A0554694100DB518D /* Headers */,
				D2AAC07B0554694100DB518D /* Sources */,
				D2AAC07C0554694100DB518D /* Frameworks */,
			);
			buildRules = (
			);
			dependencies = (
			);
			name = Arm7Test;
			productName = Arm6Test;
			productReference = D2AAC07E0554694100DB518D /* libArm7Test.a */;
			productType = "com.apple.product-type.library.static";
		};
/* End PBXNativeTarget section */

/* Begin PBXProject section */
		0867D690FE84028FC02AAC07 /* Project object */ = {
			isa = PBXProject;
			buildConfigurationList = 1DEB922208733DC00010E9CD /* Build configuration list for PBXProject "ArmTest" */;
			compatibilityVersion = "Xcode 3.1";
			hasScannedForEncodings = 1;
			mainGroup = 0867D691FE84028FC02AAC07 /* Arm6Test */;
			productRefGroup = 034768DFFF38A50411DB9C8B /* Products */;
			projectDirPath = "";
			projectRoot = "";
			targets = (
				D2AAC07D0554694100DB518D /* Arm7Test */,
				63B14383109209FB000AFE71 /* Arm6Test */,
			);
		};
/* End PBXProject section */

/* Begin PBXSourcesBuildPhase section */
		63B14387109209FB000AFE71 /* Sources */ = {
			isa = PBXSourcesBuildPhase;
			buildActionMask = 2147483647;
			files = (
				E414B7E910D3C25D001E1212 /* neontest.cpp in Sources */,
				63B14388109209FB000AFE71 /* vfptest.cpp in Sources */,
				E414B80610D3C32B001E1212 /* mytest.cpp in Sources */,
			);
			runOnlyForDeploymentPostprocessing = 0;
		};
		D2AAC07B0554694100DB518D /* Sources */ = {
			isa = PBXSourcesBuildPhase;
			buildActionMask = 2147483647;
			files = (
			);
			runOnlyForDeploymentPostprocessing = 0;
		};
/* End PBXSourcesBuildPhase section */

/* Begin XCBuildConfiguration section */
		1DEB921F08733DC00010E9CD /* Debug */ = {
			isa = XCBuildConfiguration;
			buildSettings = {
				ALWAYS_SEARCH_USER_PATHS = NO;
				ARCHS = "$(ARCHS_UNIVERSAL_IPHONE_OS)";
				COPY_PHASE_STRIP = NO;
				DSTROOT = /tmp/Arm6Test.dst;
				GCC_DYNAMIC_NO_PIC = NO;
				GCC_ENABLE_FIX_AND_CONTINUE = YES;
				GCC_MODEL_TUNING = G5;
				GCC_OPTIMIZATION_LEVEL = 3;
				GCC_PRECOMPILE_PREFIX_HEADER = YES;
				GCC_PREFIX_HEADER = Arm6Test_Prefix.pch;
				INSTALL_PATH = /usr/local/lib;
				ONLY_ACTIVE_ARCH = YES;
				PRODUCT_NAME = Arm7Test;
				STANDARD_C_PLUS_PLUS_LIBRARY_TYPE = static;
				VALID_ARCHS = armv7;
			};
			name = Debug;
		};
		1DEB922008733DC00010E9CD /* Release */ = {
			isa = XCBuildConfiguration;
			buildSettings = {
				ALWAYS_SEARCH_USER_PATHS = NO;
				ARCHS = "$(ARCHS_UNIVERSAL_IPHONE_OS)";
				COMPRESS_PNG_FILES = NO;
				DSTROOT = /tmp/Arm6Test.dst;
				GCC_GENERATE_DEBUGGING_SYMBOLS = NO;
				GCC_MODEL_TUNING = G5;
				GCC_OPTIMIZATION_LEVEL = 3;
				GCC_PRECOMPILE_PREFIX_HEADER = YES;
				GCC_PREFIX_HEADER = Arm6Test_Prefix.pch;
				GCC_THUMB_SUPPORT = NO;
				INSTALL_PATH = /usr/local/lib;
				ONLY_ACTIVE_ARCH = YES;
				OTHER_CFLAGS = "-fast";
				PRODUCT_NAME = Arm7Test;
				SCAN_ALL_SOURCE_FILES_FOR_INCLUDES = YES;
				SKIP_INSTALL = YES;
				STANDARD_C_PLUS_PLUS_LIBRARY_TYPE = static;
				VALID_ARCHS = armv7;
			};
			name = Release;
		};
		1DEB922308733DC00010E9CD /* Debug */ = {
			isa = XCBuildConfiguration;
			buildSettings = {
				ARCHS = "$(ARCHS_UNIVERSAL_IPHONE_OS)";
				GCC_C_LANGUAGE_STANDARD = c99;
				GCC_OPTIMIZATION_LEVEL = 3;
				GCC_WARN_ABOUT_RETURN_TYPE = YES;
				GCC_WARN_UNUSED_VARIABLE = YES;
				IPHONEOS_DEPLOYMENT_TARGET = 2.2;
				OTHER_LDFLAGS = "-ObjC";
				PREBINDING = NO;
				SDKROOT = iphoneos3.1.2;
			};
			name = Debug;
		};
		1DEB922408733DC00010E9CD /* Release */ = {
			isa = XCBuildConfiguration;
			buildSettings = {
				ARCHS = "$(ARCHS_STANDARD_32_BIT)";
				GCC_C_LANGUAGE_STANDARD = c99;
				GCC_WARN_ABOUT_RETURN_TYPE = YES;
				GCC_WARN_UNUSED_VARIABLE = YES;
				IPHONEOS_DEPLOYMENT_TARGET = 2.2;
				OTHER_LDFLAGS = "-ObjC";
				PREBINDING = NO;
				SDKROOT = iphoneos3.1.2;
			};
			name = Release;
		};
		63B1438C109209FB000AFE71 /* Debug */ = {
			isa = XCBuildConfiguration;
			buildSettings = {
				ALWAYS_SEARCH_USER_PATHS = NO;
				ARCHS = "$(ARCHS_STANDARD_32_BIT)";
				COPY_PHASE_STRIP = NO;
				DSTROOT = /tmp/Arm6Test.dst;
				GCC_DYNAMIC_NO_PIC = NO;
				GCC_ENABLE_FIX_AND_CONTINUE = YES;
				GCC_MODEL_TUNING = G5;
				GCC_OPTIMIZATION_LEVEL = 3;
				GCC_PRECOMPILE_PREFIX_HEADER = NO;
				GCC_PREFIX_HEADER = Arm6Test_Prefix.pch;
				GCC_THUMB_SUPPORT = NO;
				INSTALL_PATH = /usr/local/lib;
				ONLY_ACTIVE_ARCH = NO;
				OTHER_CFLAGS = "";
				OTHER_LDFLAGS = (
					"-all_load",
					"-ObjC",
				);
				PRODUCT_NAME = Arm6Test;
				STANDARD_C_PLUS_PLUS_LIBRARY_TYPE = static;
				VALID_ARCHS = "armv6 armv7";
			};
			name = Debug;
		};
		63B1438D109209FB000AFE71 /* Release */ = {
			isa = XCBuildConfiguration;
			buildSettings = {
				ALWAYS_SEARCH_USER_PATHS = NO;
				ARCHS = "$(ARCHS_STANDARD_32_BIT)";
				COMPRESS_PNG_FILES = NO;
				DSTROOT = /tmp/Arm6Test.dst;
				GCC_GENERATE_DEBUGGING_SYMBOLS = NO;
				GCC_MODEL_TUNING = G5;
				GCC_OPTIMIZATION_LEVEL = 3;
				GCC_PRECOMPILE_PREFIX_HEADER = YES;
				GCC_PREFIX_HEADER = Arm6Test_Prefix.pch;
				GCC_THUMB_SUPPORT = NO;
				INSTALL_PATH = /usr/local/lib;
				ONLY_ACTIVE_ARCH = YES;
				OTHER_CFLAGS = "-fast";
				PRODUCT_NAME = Arm6Test;
				SCAN_ALL_SOURCE_FILES_FOR_INCLUDES = YES;
				SKIP_INSTALL = YES;
				STANDARD_C_PLUS_PLUS_LIBRARY_TYPE = static;
				VALID_ARCHS = armv6;
			};
			name = Release;
		};
/* End XCBuildConfiguration section */

/* Begin XCConfigurationList section */
		1DEB921E08733DC00010E9CD /* Build configuration list for PBXNativeTarget "Arm7Test" */ = {
			isa = XCConfigurationList;
			buildConfigurations = (
				1DEB921F08733DC00010E9CD /* Debug */,
				1DEB922008733DC00010E9CD /* Release */,
			);
			defaultConfigurationIsVisible = 0;
			defaultConfigurationName = Release;
		};
		1DEB922208733DC00010E9CD /* Build configuration list for PBXProject "ArmTest" */ = {
			isa = XCConfigurationList;
			buildConfigurations = (
				1DEB922308733DC00010E9CD /* Debug */,
				1DEB922408733DC00010E9CD /* Release */,
			);
			defaultConfigurationIsVisible = 0;
			defaultConfigurationName = Release;
		};
		63B1438B109209FB000AFE71 /* Build configuration list for PBXNativeTarget "Arm6Test" */ = {
			isa = XCConfigurationList;
			buildConfigurations = (
				63B1438C109209FB000AFE71 /* Debug */,
				63B1438D109209FB000AFE71 /* Release */,
			);
			defaultConfigurationIsVisible = 0;
			defaultConfigurationName = Release;
		};
/* End XCConfigurationList section */
	};
	rootObject = 0867D690FE84028FC02AAC07 /* Project object */;
}
