// !$*UTF8*$!
{
	archiveVersion = 1;
	classes = {
	};
	objectVersion = 45;
	objects = {

/* Begin PBXBuildFile section */
		1D3623260D0F684500981E51 /* CodeSignTestAppDelegate.mm in Sources */ = {isa = PBXBuildFile; fileRef = 1D3623250D0F684500981E51 /* CodeSignTestAppDelegate.mm */; };
		1D60589F0D05DD5A006BFB54 /* Foundation.framework in Frameworks */ = {isa = PBXBuildFile; fileRef = 1D30AB110D05D00D00671497 /* Foundation.framework */; };
		1DF5F4E00D08C38300B7A737 /* UIKit.framework in Frameworks */ = {isa = PBXBuildFile; fileRef = 1DF5F4DF0D08C38300B7A737 /* UIKit.framework */; };
		28FD15000DC6FC520079059D /* OpenGLES.framework in Frameworks */ = {isa = PBXBuildFile; fileRef = 28FD14FF0DC6FC520079059D /* OpenGLES.framework */; };
		28FD15080DC6FC5B0079059D /* QuartzCore.framework in Frameworks */ = {isa = PBXBuildFile; fileRef = 28FD15070DC6FC5B0079059D /* QuartzCore.framework */; };
		E414B56A10D39FC2001E1212 /* Default.png in Resources */ = {isa = PBXBuildFile; fileRef = E414B56910D39FC2001E1212 /* Default.png */; };
		E414B56C10D39FFC001E1212 /* icon.png in Resources */ = {isa = PBXBuildFile; fileRef = E414B56B10D39FFC001E1212 /* icon.png */; };
		E414B7A910D3BB92001E1212 /* MainWindow.xib in Resources */ = {isa = PBXBuildFile; fileRef = E414B7A810D3BB92001E1212 /* MainWindow.xib */; };
		E421EE7310D3C9BD001F9E9D /* main.m in Sources */ = {isa = PBXBuildFile; fileRef = 29B97316FDCFA39411CA2CEA /* main.m */; };
		E4CF742810D45AAF00BCDCD0 /* libArm6Test.a in Frameworks */ = {isa = PBXBuildFile; fileRef = E4CF742710D45AAF00BCDCD0 /* libArm6Test.a */; };
/* End PBXBuildFile section */

/* Begin PBXFileReference section */
		1D30AB110D05D00D00671497 /* Foundation.framework */ = {isa = PBXFileReference; lastKnownFileType = wrapper.framework; name = Foundation.framework; path = System/Library/Frameworks/Foundation.framework; sourceTree = SDKROOT; };
		1D3623240D0F684500981E51 /* CodeSignTestAppDelegate.h */ = {isa = PBXFileReference; fileEncoding = 4; lastKnownFileType = sourcecode.c.h; path = CodeSignTestAppDelegate.h; sourceTree = "<group>"; };
		1D3623250D0F684500981E51 /* CodeSignTestAppDelegate.mm */ = {isa = PBXFileReference; fileEncoding = 4; lastKnownFileType = sourcecode.cpp.objcpp; path = CodeSignTestAppDelegate.mm; sourceTree = "<group>"; };
		1D6058910D05DD3D006BFB54 /* CodeSignTest.app */ = {isa = PBXFileReference; explicitFileType = wrapper.application; includeInIndex = 0; path = CodeSignTest.app; sourceTree = BUILT_PRODUCTS_DIR; };
		1DF5F4DF0D08C38300B7A737 /* UIKit.framework */ = {isa = PBXFileReference; lastKnownFileType = wrapper.framework; name = UIKit.framework; path = System/Library/Frameworks/UIKit.framework; sourceTree = SDKROOT; };
		28FD14FF0DC6FC520079059D /* OpenGLES.framework */ = {isa = PBXFileReference; lastKnownFileType = wrapper.framework; name = OpenGLES.framework; path = System/Library/Frameworks/OpenGLES.framework; sourceTree = SDKROOT; };
		28FD15070DC6FC5B0079059D /* QuartzCore.framework */ = {isa = PBXFileReference; lastKnownFileType = wrapper.framework; name = QuartzCore.framework; path = System/Library/Frameworks/QuartzCore.framework; sourceTree = SDKROOT; };
		29B97316FDCFA39411CA2CEA /* main.m */ = {isa = PBXFileReference; fileEncoding = 4; lastKnownFileType = sourcecode.c.objc; path = main.m; sourceTree = "<group>"; };
		32CA4F630368D1EE00C91783 /* CodeSignTest_Prefix.pch */ = {isa = PBXFileReference; fileEncoding = 4; lastKnownFileType = sourcecode.c.h; path = CodeSignTest_Prefix.pch; sourceTree = "<group>"; };
		8D1107310486CEB800E47090 /* CodeSignTest-Info.plist */ = {isa = PBXFileReference; fileEncoding = 4; lastKnownFileType = text.plist.xml; path = "CodeSignTest-Info.plist"; plistStructureDefinitionIdentifier = "com.apple.xcode.plist.structure-definition.iphone.info-plist"; sourceTree = "<group>"; };
		E414B56910D39FC2001E1212 /* Default.png */ = {isa = PBXFileReference; lastKnownFileType = image.png; path = Default.png; sourceTree = "<group>"; };
		E414B56B10D39FFC001E1212 /* icon.png */ = {isa = PBXFileReference; lastKnownFileType = image.png; path = icon.png; sourceTree = "<group>"; };
		E414B7A810D3BB92001E1212 /* MainWindow.xib */ = {isa = PBXFileReference; lastKnownFileType = file.xib; path = MainWindow.xib; sourceTree = "<group>"; };
		E414B89810D3C38A001E1212 /* neontest.h */ = {isa = PBXFileReference; fileEncoding = 4; lastKnownFileType = sourcecode.c.h; name = neontest.h; path = ../Architecture/ArmTest/neontest.h; sourceTree = SOURCE_ROOT; };
		E414B89910D3C38A001E1212 /* vfptest.h */ = {isa = PBXFileReference; fileEncoding = 4; lastKnownFileType = sourcecode.c.h; name = vfptest.h; path = ../Architecture/ArmTest/vfptest.h; sourceTree = SOURCE_ROOT; };
		E4CF742710D45AAF00BCDCD0 /* libArm6Test.a */ = {isa = PBXFileReference; lastKnownFileType = archive.ar; name = libArm6Test.a; path = ../../../../Desktop/libArm6Test.a; sourceTree = SOURCE_ROOT; };
/* End PBXFileReference section */

/* Begin PBXFrameworksBuildPhase section */
		1D60588F0D05DD3D006BFB54 /* Frameworks */ = {
			isa = PBXFrameworksBuildPhase;
			buildActionMask = 2147483647;
			files = (
				1D60589F0D05DD5A006BFB54 /* Foundation.framework in Frameworks */,
				1DF5F4E00D08C38300B7A737 /* UIKit.framework in Frameworks */,
				28FD15000DC6FC520079059D /* OpenGLES.framework in Frameworks */,
				28FD15080DC6FC5B0079059D /* QuartzCore.framework in Frameworks */,
				E4CF742810D45AAF00BCDCD0 /* libArm6Test.a in Frameworks */,
			);
			runOnlyForDeploymentPostprocessing = 0;
		};
/* End PBXFrameworksBuildPhase section */

/* Begin PBXGroup section */
		080E96DDFE201D6D7F000001 /* Classes */ = {
			isa = PBXGroup;
			children = (
				1D3623240D0F684500981E51 /* CodeSignTestAppDelegate.h */,
				1D3623250D0F684500981E51 /* CodeSignTestAppDelegate.mm */,
			);
			path = Classes;
			sourceTree = "<group>";
		};
		19C28FACFE9D520D11CA2CBB /* Products */ = {
			isa = PBXGroup;
			children = (
				1D6058910D05DD3D006BFB54 /* CodeSignTest.app */,
			);
			name = Products;
			sourceTree = "<group>";
		};
		29B97314FDCFA39411CA2CEA /* CustomTemplate */ = {
			isa = PBXGroup;
			children = (
				E4CF742710D45AAF00BCDCD0 /* libArm6Test.a */,
				63B142AC1091F940000AFE71 /* Statics */,
				080E96DDFE201D6D7F000001 /* Classes */,
				29B97315FDCFA39411CA2CEA /* Other Sources */,
				29B97317FDCFA39411CA2CEA /* Resources */,
				29B97323FDCFA39411CA2CEA /* Frameworks */,
				19C28FACFE9D520D11CA2CBB /* Products */,
			);
			name = CustomTemplate;
			sourceTree = "<group>";
		};
		29B97315FDCFA39411CA2CEA /* Other Sources */ = {
			isa = PBXGroup;
			children = (
				32CA4F630368D1EE00C91783 /* CodeSignTest_Prefix.pch */,
				29B97316FDCFA39411CA2CEA /* main.m */,
			);
			name = "Other Sources";
			sourceTree = "<group>";
		};
		29B97317FDCFA39411CA2CEA /* Resources */ = {
			isa = PBXGroup;
			children = (
				E414B7A810D3BB92001E1212 /* MainWindow.xib */,
				E414B56B10D39FFC001E1212 /* icon.png */,
				E414B56910D39FC2001E1212 /* Default.png */,
				8D1107310486CEB800E47090 /* CodeSignTest-Info.plist */,
			);
			name = Resources;
			sourceTree = "<group>";
		};
		29B97323FDCFA39411CA2CEA /* Frameworks */ = {
			isa = PBXGroup;
			children = (
				28FD15070DC6FC5B0079059D /* QuartzCore.framework */,
				28FD14FF0DC6FC520079059D /* OpenGLES.framework */,
				1DF5F4DF0D08C38300B7A737 /* UIKit.framework */,
				1D30AB110D05D00D00671497 /* Foundation.framework */,
			);
			name = Frameworks;
			sourceTree = "<group>";
		};
		63B142AC1091F940000AFE71 /* Statics */ = {
			isa = PBXGroup;
			children = (
				E414B89810D3C38A001E1212 /* neontest.h */,
				E414B89910D3C38A001E1212 /* vfptest.h */,
			);
			name = Statics;
			sourceTree = "<group>";
		};
/* End PBXGroup section */

/* Begin PBXNativeTarget section */
		1D6058900D05DD3D006BFB54 /* CodeSignTest */ = {
			isa = PBXNativeTarget;
			buildConfigurationList = 1D6058960D05DD3E006BFB54 /* Build configuration list for PBXNativeTarget "CodeSignTest" */;
			buildPhases = (
				1D60588D0D05DD3D006BFB54 /* Resources */,
				1D60588E0D05DD3D006BFB54 /* Sources */,
				1D60588F0D05DD3D006BFB54 /* Frameworks */,
			);
			buildRules = (
			);
			dependencies = (
			);
			name = CodeSignTest;
			productName = CodeSignTest;
			productReference = 1D6058910D05DD3D006BFB54 /* CodeSignTest.app */;
			productType = "com.apple.product-type.application";
		};
/* End PBXNativeTarget section */

/* Begin PBXProject section */
		29B97313FDCFA39411CA2CEA /* Project object */ = {
			isa = PBXProject;
			buildConfigurationList = C01FCF4E08A954540054247B /* Build configuration list for PBXProject "CodeSignTest" */;
			compatibilityVersion = "Xcode 3.1";
			hasScannedForEncodings = 1;
			mainGroup = 29B97314FDCFA39411CA2CEA /* CustomTemplate */;
			projectDirPath = "";
			projectRoot = "";
			targets = (
				1D6058900D05DD3D006BFB54 /* CodeSignTest */,
			);
		};
/* End PBXProject section */

/* Begin PBXResourcesBuildPhase section */
		1D60588D0D05DD3D006BFB54 /* Resources */ = {
			isa = PBXResourcesBuildPhase;
			buildActionMask = 2147483647;
			files = (
				E414B56A10D39FC2001E1212 /* Default.png in Resources */,
				E414B56C10D39FFC001E1212 /* icon.png in Resources */,
				E414B7A910D3BB92001E1212 /* MainWindow.xib in Resources */,
			);
			runOnlyForDeploymentPostprocessing = 0;
		};
/* End PBXResourcesBuildPhase section */

/* Begin PBXSourcesBuildPhase section */
		1D60588E0D05DD3D006BFB54 /* Sources */ = {
			isa = PBXSourcesBuildPhase;
			buildActionMask = 2147483647;
			files = (
				E421EE7310D3C9BD001F9E9D /* main.m in Sources */,
				1D3623260D0F684500981E51 /* CodeSignTestAppDelegate.mm in Sources */,
			);
			runOnlyForDeploymentPostprocessing = 0;
		};
/* End PBXSourcesBuildPhase section */

/* Begin XCBuildConfiguration section */
		1D6058940D05DD3E006BFB54 /* Debug */ = {
			isa = XCBuildConfiguration;
			buildSettings = {
				ALWAYS_SEARCH_USER_PATHS = NO;
				ARCHS = "$(ARCHS_STANDARD_32_BIT)";
				CODE_SIGN_ENTITLEMENTS = "";
				"CODE_SIGN_IDENTITY[sdk=iphoneos*]" = "iPhone Developer";
				CODE_SIGN_RESOURCE_RULES_PATH = "$(SDKROOT)/ResourceRules.plist";
				COPY_PHASE_STRIP = NO;
				GCC_DYNAMIC_NO_PIC = NO;
				GCC_OPTIMIZATION_LEVEL = 3;
				GCC_PRECOMPILE_PREFIX_HEADER = YES;
				GCC_PREFIX_HEADER = CodeSignTest_Prefix.pch;
				GCC_THUMB_SUPPORT = NO;
				"GCC_THUMB_SUPPORT[arch=armv6]" = "";
				INFOPLIST_FILE = "CodeSignTest-Info.plist";
				IPHONEOS_DEPLOYMENT_TARGET = 2.2.1;
				"IPHONEOS_DEPLOYMENT_TARGET[sdk=iphoneos3.1.2][arch=armv6]" = 2.2.1;
				"IPHONEOS_DEPLOYMENT_TARGET[sdk=iphoneos3.1.2][arch=armv7]" = 3.0;
				LIBRARY_SEARCH_PATHS = (
					"$(inherited)",
					"\"$(SRCROOT)/../Architecture/ArmTest/build/Release-iphoneos\"",
					"\"$(SRCROOT)/../Architecture/ArmTest/build/Debug-iphoneos\"",
					"\"$(SRCROOT)\"",
					"\"$(SRCROOT)/../Architecture/ArmTest/build/ArmTest.build/Release-iphoneos/ArmTest.build/Objects-normal/armv6\"",
					"\"$(SRCROOT)/../Architecture/ArmTest/build/ArmTest.build/Release-iphoneos/ArmTest.build/Objects-normal/armv7\"",
					"\"$(SRCROOT)/../../../../Desktop\"",
				);
				ONLY_ACTIVE_ARCH = NO;
				OTHER_LDFLAGS = "-all_load";
				PRODUCT_NAME = CodeSignTest;
				"PROVISIONING_PROFILE[sdk=iphoneos*]" = "";
			};
			name = Debug;
		};
		1D6058950D05DD3E006BFB54 /* Release */ = {
			isa = XCBuildConfiguration;
			buildSettings = {
				ALWAYS_SEARCH_USER_PATHS = YES;
				ARCHS = "$(ARCHS_STANDARD_32_BIT)";
				CODE_SIGN_ENTITLEMENTS = "";
				"CODE_SIGN_IDENTITY[sdk=iphoneos*]" = "iPhone Developer";
				CODE_SIGN_RESOURCE_RULES_PATH = "$(SDKROOT)/ResourceRules.plist";
				COPY_PHASE_STRIP = YES;
				GCC_C_LANGUAGE_STANDARD = c99;
				GCC_OPTIMIZATION_LEVEL = 3;
				GCC_PRECOMPILE_PREFIX_HEADER = YES;
				GCC_PREFIX_HEADER = CodeSignTest_Prefix.pch;
				GCC_THUMB_SUPPORT = NO;
				HEADER_SEARCH_PATHS = /Users/david/Documents/Projects/Research/Architecture/ArmTest;
				INFOPLIST_FILE = "CodeSignTest-Info.plist";
				IPHONEOS_DEPLOYMENT_TARGET = 2.2;
				"IPHONEOS_DEPLOYMENT_TARGET[sdk=iphoneos3.1.2][arch=armv6]" = 2.2;
				"IPHONEOS_DEPLOYMENT_TARGET[sdk=iphoneos3.1.2][arch=armv7]" = 3.0;
				LIBRARY_SEARCH_PATHS = (
					"$(inherited)",
					"\"$(SRCROOT)/../Architecture/ArmTest/build/Release-iphoneos\"",
					"\"$(SRCROOT)/../Architecture/ArmTest/build/Debug-iphoneos\"",
					"\"$(SRCROOT)\"",
					"\"$(SRCROOT)/../Architecture/ArmTest/build/ArmTest.build/Release-iphoneos/ArmTest.build/Objects-normal/armv6\"",
					"\"$(SRCROOT)/../Architecture/ArmTest/build/ArmTest.build/Release-iphoneos/ArmTest.build/Objects-normal/armv7\"",
					"\"$(SRCROOT)/../../../../Desktop\"",
				);
				ONLY_ACTIVE_ARCH = NO;
				OTHER_CFLAGS = "-fast";
				OTHER_LDFLAGS = "";
				PRODUCT_NAME = CodeSignTest;
				"PROVISIONING_PROFILE[sdk=iphoneos*]" = "";
				SCAN_ALL_SOURCE_FILES_FOR_INCLUDES = YES;
				SDKROOT = iphoneos3.1.2;
				USER_HEADER_SEARCH_PATHS = /Users/david/Documents/Projects/Research/Architecture/ArmTest;
				VALID_ARCHS = "armv6 armv7";
			};
			name = Release;
		};
		C01FCF4F08A954540054247B /* Debug */ = {
			isa = XCBuildConfiguration;
			buildSettings = {
				ARCHS = "$(ARCHS_UNIVERSAL_IPHONE_OS)";
				"CODE_SIGN_IDENTITY[sdk=iphoneos*]" = "iPhone Developer";
				CODE_SIGN_RESOURCE_RULES_PATH = "$(SDKROOT)/ResourceRules.plist";
				GCC_C_LANGUAGE_STANDARD = c99;
				GCC_PREPROCESSOR_DEFINITIONS = DEBUG;
				GCC_WARN_ABOUT_RETURN_TYPE = YES;
				GCC_WARN_UNUSED_VARIABLE = YES;
				IPHONEOS_DEPLOYMENT_TARGET = 2.2;
				"IPHONEOS_DEPLOYMENT_TARGET[sdk=iphoneos3.1][arch=armv6]" = 2.2.1;
				"IPHONEOS_DEPLOYMENT_TARGET[sdk=iphoneos3.1][arch=armv7]" = 3.0;
				ONLY_ACTIVE_ARCH = NO;
				PREBINDING = NO;
				SDKROOT = iphoneos3.1.2;
			};
			name = Debug;
		};
		C01FCF5008A954540054247B /* Release */ = {
			isa = XCBuildConfiguration;
			buildSettings = {
				ARCHS = "$(ARCHS_STANDARD_32_BIT)";
				"CODE_SIGN_IDENTITY[sdk=iphoneos*]" = "iPhone Developer";
				CODE_SIGN_RESOURCE_RULES_PATH = "$(SDKROOT)/ResourceRules.plist";
				GCC_C_LANGUAGE_STANDARD = c99;
				GCC_WARN_ABOUT_RETURN_TYPE = YES;
				GCC_WARN_UNUSED_VARIABLE = YES;
				IPHONEOS_DEPLOYMENT_TARGET = 2.2;
				ONLY_ACTIVE_ARCH = NO;
				PREBINDING = NO;
				SDKROOT = iphoneos3.1.2;
			};
			name = Release;
		};
		E414B55E10D39F30001E1212 /* Distribution */ = {
			isa = XCBuildConfiguration;
			buildSettings = {
				ARCHS = "$(ARCHS_STANDARD_32_BIT)";
				"CODE_SIGN_IDENTITY[sdk=iphoneos*]" = "iPhone Developer";
				CODE_SIGN_RESOURCE_RULES_PATH = "$(SDKROOT)/ResourceRules.plist";
				GCC_C_LANGUAGE_STANDARD = c99;
				GCC_WARN_ABOUT_RETURN_TYPE = YES;
				GCC_WARN_UNUSED_VARIABLE = YES;
				IPHONEOS_DEPLOYMENT_TARGET = 2.2;
				ONLY_ACTIVE_ARCH = NO;
				PREBINDING = NO;
				SDKROOT = iphoneos3.1.2;
			};
			name = Distribution;
		};
		E414B55F10D39F30001E1212 /* Distribution */ = {
			isa = XCBuildConfiguration;
			buildSettings = {
				ALWAYS_SEARCH_USER_PATHS = YES;
				ARCHS = "$(ARCHS_UNIVERSAL_IPHONE_OS)";
				CODE_SIGN_ENTITLEMENTS = "";
				"CODE_SIGN_IDENTITY[sdk=iphoneos*]" = "iPhone Distribution: Hackdirt Limited";
				CODE_SIGN_RESOURCE_RULES_PATH = "$(SDKROOT)/ResourceRules.plist";
				COPY_PHASE_STRIP = YES;
				GCC_C_LANGUAGE_STANDARD = c99;
				GCC_OPTIMIZATION_LEVEL = 3;
				GCC_PRECOMPILE_PREFIX_HEADER = YES;
				GCC_PREFIX_HEADER = CodeSignTest_Prefix.pch;
				GCC_THUMB_SUPPORT = NO;
				HEADER_SEARCH_PATHS = /Users/david/Documents/Projects/Research/Architecture/ArmTest;
				INFOPLIST_FILE = "CodeSignTest-Info.plist";
				IPHONEOS_DEPLOYMENT_TARGET = 2.2;
				"IPHONEOS_DEPLOYMENT_TARGET[sdk=iphoneos3.1.2][arch=armv6]" = 2.2;
				"IPHONEOS_DEPLOYMENT_TARGET[sdk=iphoneos3.1.2][arch=armv7]" = 3.0;
				LIBRARY_SEARCH_PATHS = (
					"$(inherited)",
					"\"$(SRCROOT)/../Architecture/ArmTest/build/Release-iphoneos\"",
					"\"$(SRCROOT)/../Architecture/ArmTest/build/Debug-iphoneos\"",
					"\"$(SRCROOT)\"",
					"\"$(SRCROOT)/../Architecture/ArmTest/build/ArmTest.build/Release-iphoneos/ArmTest.build/Objects-normal/armv6\"",
					"\"$(SRCROOT)/../Architecture/ArmTest/build/ArmTest.build/Release-iphoneos/ArmTest.build/Objects-normal/armv7\"",
					"\"$(SRCROOT)/../../../../Desktop\"",
				);
				ONLY_ACTIVE_ARCH = NO;
				OTHER_CFLAGS = "-fast";
				OTHER_LDFLAGS = "";
				PRODUCT_NAME = CodeSignTest;
				"PROVISIONING_PROFILE[sdk=iphoneos*]" = "BA9A51E3-66E8-4FC9-AA90-399168E428CC";
				SCAN_ALL_SOURCE_FILES_FOR_INCLUDES = YES;
				SDKROOT = iphoneos3.1.2;
				USER_HEADER_SEARCH_PATHS = /Users/david/Documents/Projects/Research/Architecture/ArmTest;
				VALID_ARCHS = "armv6 armv7";
			};
			name = Distribution;
		};
/* End XCBuildConfiguration section */

/* Begin XCConfigurationList section */
		1D6058960D05DD3E006BFB54 /* Build configuration list for PBXNativeTarget "CodeSignTest" */ = {
			isa = XCConfigurationList;
			buildConfigurations = (
				1D6058940D05DD3E006BFB54 /* Debug */,
				1D6058950D05DD3E006BFB54 /* Release */,
				E414B55F10D39F30001E1212 /* Distribution */,
			);
			defaultConfigurationIsVisible = 0;
			defaultConfigurationName = Release;
		};
		C01FCF4E08A954540054247B /* Build configuration list for PBXProject "CodeSignTest" */ = {
			isa = XCConfigurationList;
			buildConfigurations = (
				C01FCF4F08A954540054247B /* Debug */,
				C01FCF5008A954540054247B /* Release */,
				E414B55E10D39F30001E1212 /* Distribution */,
			);
			defaultConfigurationIsVisible = 0;
			defaultConfigurationName = Release;
		};
/* End XCConfigurationList section */
	};
	rootObject = 29B97313FDCFA39411CA2CEA /* Project object */;
}
